// !$*UTF8*$!
{
	archiveVersion = 1;
	classes = {
	};
	objectVersion = 50;
	objects = {

/* Begin PBXBuildFile section */
		5F0D9E7B20DC68AC003ED6ED /* UITableViewExtensions.swift in Sources */ = {isa = PBXBuildFile; fileRef = 5F0D9E7A20DC68AC003ED6ED /* UITableViewExtensions.swift */; };
		5F0D9E7D20DC72B0003ED6ED /* ReusableViewExtensions.swift in Sources */ = {isa = PBXBuildFile; fileRef = 5F0D9E7C20DC72B0003ED6ED /* ReusableViewExtensions.swift */; };
		5F3D576220D597F3003AC6E4 /* LoadingView.swift in Sources */ = {isa = PBXBuildFile; fileRef = 5F3D576120D597F3003AC6E4 /* LoadingView.swift */; };
		5F41E56C20D1D7CC00AB1B75 /* ArticleMapper.swift in Sources */ = {isa = PBXBuildFile; fileRef = 5F41E56B20D1D7CC00AB1B75 /* ArticleMapper.swift */; };
		5F41E57020D20BD300AB1B75 /* HeadlineListInteractor.swift in Sources */ = {isa = PBXBuildFile; fileRef = 5F41E56F20D20BD300AB1B75 /* HeadlineListInteractor.swift */; };
		5F41E57220D2137400AB1B75 /* HeadlineListPresenter.swift in Sources */ = {isa = PBXBuildFile; fileRef = 5F41E57120D2137400AB1B75 /* HeadlineListPresenter.swift */; };
		5F473AAE20D55C550013D6AF /* Loading.json in Resources */ = {isa = PBXBuildFile; fileRef = 5F473AAD20D55C550013D6AF /* Loading.json */; };
		5F6C483520D9E978009BEF8C /* UIColorExtensions.swift in Sources */ = {isa = PBXBuildFile; fileRef = 5F6C483420D9E978009BEF8C /* UIColorExtensions.swift */; };
		5F6C483820D9EAB7009BEF8C /* SourceListVC.swift in Sources */ = {isa = PBXBuildFile; fileRef = 5F6C483720D9EAB7009BEF8C /* SourceListVC.swift */; };
		5F6C483B20D9EFC9009BEF8C /* BookmarkListVC.swift in Sources */ = {isa = PBXBuildFile; fileRef = 5F6C483A20D9EFC9009BEF8C /* BookmarkListVC.swift */; };
		5F70F94B20D9C023000E9C8D /* SearchListVC.swift in Sources */ = {isa = PBXBuildFile; fileRef = 5F70F94A20D9C023000E9C8D /* SearchListVC.swift */; };
		5F70F94E20D9C85C000E9C8D /* AppTabBarController.swift in Sources */ = {isa = PBXBuildFile; fileRef = 5F70F94D20D9C85C000E9C8D /* AppTabBarController.swift */; };
		5F7F570520D0BA34005F86A5 /* AppDelegate.swift in Sources */ = {isa = PBXBuildFile; fileRef = 5F7F570420D0BA34005F86A5 /* AppDelegate.swift */; };
		5F7F570720D0BA34005F86A5 /* HeadlineListVC.swift in Sources */ = {isa = PBXBuildFile; fileRef = 5F7F570620D0BA34005F86A5 /* HeadlineListVC.swift */; };
		5F7F570C20D0BA35005F86A5 /* Assets.xcassets in Resources */ = {isa = PBXBuildFile; fileRef = 5F7F570B20D0BA35005F86A5 /* Assets.xcassets */; };
		5F7F570F20D0BA35005F86A5 /* LaunchScreen.storyboard in Resources */ = {isa = PBXBuildFile; fileRef = 5F7F570D20D0BA35005F86A5 /* LaunchScreen.storyboard */; };
		5F7F571820D0BB56005F86A5 /* Article.swift in Sources */ = {isa = PBXBuildFile; fileRef = 5F7F571720D0BB56005F86A5 /* Article.swift */; };
		5F7F571A20D0BBA4005F86A5 /* Source.swift in Sources */ = {isa = PBXBuildFile; fileRef = 5F7F571920D0BBA4005F86A5 /* Source.swift */; };
		5F7F572020D0BEDF005F86A5 /* API.swift in Sources */ = {isa = PBXBuildFile; fileRef = 5F7F571F20D0BEDF005F86A5 /* API.swift */; };
		5F7F572220D0BEFA005F86A5 /* ArticleAPI.swift in Sources */ = {isa = PBXBuildFile; fileRef = 5F7F572120D0BEFA005F86A5 /* ArticleAPI.swift */; };
		5F7F572420D0BF71005F86A5 /* ArticleNetwork.swift in Sources */ = {isa = PBXBuildFile; fileRef = 5F7F572320D0BF71005F86A5 /* ArticleNetwork.swift */; };
		5F978DC820D6CC86006976D4 /* ArticleCell.swift in Sources */ = {isa = PBXBuildFile; fileRef = 5F978DC720D6CC86006976D4 /* ArticleCell.swift */; };
		5FE200BA20DCB8DF002586CC /* UITableViewCellExtensions.swift in Sources */ = {isa = PBXBuildFile; fileRef = 5FE200B920DCB8DF002586CC /* UITableViewCellExtensions.swift */; };
		C7E156A32676DF6CA6ED4C44 /* Pods_CleanNews.framework in Frameworks */ = {isa = PBXBuildFile; fileRef = AFCB4E576F29E1D041619193 /* Pods_CleanNews.framework */; };
/* End PBXBuildFile section */

/* Begin PBXFileReference section */
		0BB804F1853E37648C4CDA67 /* Pods-CleanNews.debug.xcconfig */ = {isa = PBXFileReference; includeInIndex = 1; lastKnownFileType = text.xcconfig; name = "Pods-CleanNews.debug.xcconfig"; path = "Pods/Target Support Files/Pods-CleanNews/Pods-CleanNews.debug.xcconfig"; sourceTree = "<group>"; };
		13E3ABBB5A1DD39A087E3EDE /* Pods-CleanNews.release.xcconfig */ = {isa = PBXFileReference; includeInIndex = 1; lastKnownFileType = text.xcconfig; name = "Pods-CleanNews.release.xcconfig"; path = "Pods/Target Support Files/Pods-CleanNews/Pods-CleanNews.release.xcconfig"; sourceTree = "<group>"; };
		5F0D9E7A20DC68AC003ED6ED /* UITableViewExtensions.swift */ = {isa = PBXFileReference; lastKnownFileType = sourcecode.swift; path = UITableViewExtensions.swift; sourceTree = "<group>"; };
		5F0D9E7C20DC72B0003ED6ED /* ReusableViewExtensions.swift */ = {isa = PBXFileReference; lastKnownFileType = sourcecode.swift; path = ReusableViewExtensions.swift; sourceTree = "<group>"; };
		5F3D576120D597F3003AC6E4 /* LoadingView.swift */ = {isa = PBXFileReference; lastKnownFileType = sourcecode.swift; path = LoadingView.swift; sourceTree = "<group>"; };
		5F41E56B20D1D7CC00AB1B75 /* ArticleMapper.swift */ = {isa = PBXFileReference; lastKnownFileType = sourcecode.swift; path = ArticleMapper.swift; sourceTree = "<group>"; };
		5F41E56F20D20BD300AB1B75 /* HeadlineListInteractor.swift */ = {isa = PBXFileReference; lastKnownFileType = sourcecode.swift; path = HeadlineListInteractor.swift; sourceTree = "<group>"; };
		5F41E57120D2137400AB1B75 /* HeadlineListPresenter.swift */ = {isa = PBXFileReference; lastKnownFileType = sourcecode.swift; path = HeadlineListPresenter.swift; sourceTree = "<group>"; };
		5F473AAD20D55C550013D6AF /* Loading.json */ = {isa = PBXFileReference; fileEncoding = 4; lastKnownFileType = text.json; path = Loading.json; sourceTree = "<group>"; };
		5F6C483420D9E978009BEF8C /* UIColorExtensions.swift */ = {isa = PBXFileReference; lastKnownFileType = sourcecode.swift; path = UIColorExtensions.swift; sourceTree = "<group>"; };
		5F6C483720D9EAB7009BEF8C /* SourceListVC.swift */ = {isa = PBXFileReference; lastKnownFileType = sourcecode.swift; path = SourceListVC.swift; sourceTree = "<group>"; };
		5F6C483A20D9EFC9009BEF8C /* BookmarkListVC.swift */ = {isa = PBXFileReference; lastKnownFileType = sourcecode.swift; path = BookmarkListVC.swift; sourceTree = "<group>"; };
		5F70F94A20D9C023000E9C8D /* SearchListVC.swift */ = {isa = PBXFileReference; lastKnownFileType = sourcecode.swift; path = SearchListVC.swift; sourceTree = "<group>"; };
		5F70F94D20D9C85C000E9C8D /* AppTabBarController.swift */ = {isa = PBXFileReference; lastKnownFileType = sourcecode.swift; path = AppTabBarController.swift; sourceTree = "<group>"; };
		5F7F570120D0BA34005F86A5 /* CleanNews.app */ = {isa = PBXFileReference; explicitFileType = wrapper.application; includeInIndex = 0; path = CleanNews.app; sourceTree = BUILT_PRODUCTS_DIR; };
		5F7F570420D0BA34005F86A5 /* AppDelegate.swift */ = {isa = PBXFileReference; lastKnownFileType = sourcecode.swift; path = AppDelegate.swift; sourceTree = "<group>"; };
		5F7F570620D0BA34005F86A5 /* HeadlineListVC.swift */ = {isa = PBXFileReference; lastKnownFileType = sourcecode.swift; path = HeadlineListVC.swift; sourceTree = "<group>"; };
		5F7F570B20D0BA35005F86A5 /* Assets.xcassets */ = {isa = PBXFileReference; lastKnownFileType = folder.assetcatalog; path = Assets.xcassets; sourceTree = "<group>"; };
		5F7F570E20D0BA35005F86A5 /* Base */ = {isa = PBXFileReference; lastKnownFileType = file.storyboard; name = Base; path = Base.lproj/LaunchScreen.storyboard; sourceTree = "<group>"; };
		5F7F571020D0BA35005F86A5 /* Info.plist */ = {isa = PBXFileReference; lastKnownFileType = text.plist.xml; path = Info.plist; sourceTree = "<group>"; };
		5F7F571720D0BB56005F86A5 /* Article.swift */ = {isa = PBXFileReference; lastKnownFileType = sourcecode.swift; path = Article.swift; sourceTree = "<group>"; };
		5F7F571920D0BBA4005F86A5 /* Source.swift */ = {isa = PBXFileReference; lastKnownFileType = sourcecode.swift; path = Source.swift; sourceTree = "<group>"; };
		5F7F571F20D0BEDF005F86A5 /* API.swift */ = {isa = PBXFileReference; lastKnownFileType = sourcecode.swift; path = API.swift; sourceTree = "<group>"; };
		5F7F572120D0BEFA005F86A5 /* ArticleAPI.swift */ = {isa = PBXFileReference; lastKnownFileType = sourcecode.swift; path = ArticleAPI.swift; sourceTree = "<group>"; };
		5F7F572320D0BF71005F86A5 /* ArticleNetwork.swift */ = {isa = PBXFileReference; lastKnownFileType = sourcecode.swift; path = ArticleNetwork.swift; sourceTree = "<group>"; };
		5F978DC720D6CC86006976D4 /* ArticleCell.swift */ = {isa = PBXFileReference; lastKnownFileType = sourcecode.swift; path = ArticleCell.swift; sourceTree = "<group>"; };
		5FE200B920DCB8DF002586CC /* UITableViewCellExtensions.swift */ = {isa = PBXFileReference; lastKnownFileType = sourcecode.swift; path = UITableViewCellExtensions.swift; sourceTree = "<group>"; };
		AFCB4E576F29E1D041619193 /* Pods_CleanNews.framework */ = {isa = PBXFileReference; explicitFileType = wrapper.framework; includeInIndex = 0; path = Pods_CleanNews.framework; sourceTree = BUILT_PRODUCTS_DIR; };
/* End PBXFileReference section */

/* Begin PBXFrameworksBuildPhase section */
		5F7F56FE20D0BA34005F86A5 /* Frameworks */ = {
			isa = PBXFrameworksBuildPhase;
			buildActionMask = 2147483647;
			files = (
				C7E156A32676DF6CA6ED4C44 /* Pods_CleanNews.framework in Frameworks */,
			);
			runOnlyForDeploymentPostprocessing = 0;
		};
/* End PBXFrameworksBuildPhase section */

/* Begin PBXGroup section */
		008B55CE44A253DDA6DA36F5 /* Pods */ = {
			isa = PBXGroup;
			children = (
				0BB804F1853E37648C4CDA67 /* Pods-CleanNews.debug.xcconfig */,
				13E3ABBB5A1DD39A087E3EDE /* Pods-CleanNews.release.xcconfig */,
			);
			name = Pods;
			sourceTree = "<group>";
		};
		365DBBAF3A8A8328B744E44E /* Frameworks */ = {
			isa = PBXGroup;
			children = (
				AFCB4E576F29E1D041619193 /* Pods_CleanNews.framework */,
			);
			name = Frameworks;
			sourceTree = "<group>";
		};
		5F1686E820D58EFE001A9017 /* Loader */ = {
			isa = PBXGroup;
			children = (
				5F3D576120D597F3003AC6E4 /* LoadingView.swift */,
			);
			path = Loader;
			sourceTree = "<group>";
		};
		5F41E56A20D1D79300AB1B75 /* Mappers */ = {
			isa = PBXGroup;
			children = (
				5F41E56B20D1D7CC00AB1B75 /* ArticleMapper.swift */,
			);
			path = Mappers;
			sourceTree = "<group>";
		};
		5F41E56D20D20B1500AB1B75 /* Scenes */ = {
			isa = PBXGroup;
			children = (
				5F41E56E20D20B3900AB1B75 /* HeadlineList */,
				5F6C483620D9EA9D009BEF8C /* SourceList */,
				5F843C4620D485A900813BAE /* SearchList */,
				5F6C483920D9EFA5009BEF8C /* BookmarkList */,
			);
			path = Scenes;
			sourceTree = "<group>";
		};
		5F41E56E20D20B3900AB1B75 /* HeadlineList */ = {
			isa = PBXGroup;
			children = (
				5F7F570620D0BA34005F86A5 /* HeadlineListVC.swift */,
				5F41E56F20D20BD300AB1B75 /* HeadlineListInteractor.swift */,
				5F41E57120D2137400AB1B75 /* HeadlineListPresenter.swift */,
			);
			path = HeadlineList;
			sourceTree = "<group>";
		};
		5F473AAB20D55BE80013D6AF /* Views */ = {
			isa = PBXGroup;
			children = (
				5F473AAC20D55BF30013D6AF /* Animations */,
				5F1686E820D58EFE001A9017 /* Loader */,
				5F978DC620D6CC4D006976D4 /* List */,
			);
			path = Views;
			sourceTree = "<group>";
		};
		5F473AAC20D55BF30013D6AF /* Animations */ = {
			isa = PBXGroup;
			children = (
				5F473AAD20D55C550013D6AF /* Loading.json */,
			);
			path = Animations;
			sourceTree = "<group>";
		};
		5F6C483320D9E8F1009BEF8C /* Extensions */ = {
			isa = PBXGroup;
			children = (
				5F6C483420D9E978009BEF8C /* UIColorExtensions.swift */,
				5F0D9E7A20DC68AC003ED6ED /* UITableViewExtensions.swift */,
				5F0D9E7C20DC72B0003ED6ED /* ReusableViewExtensions.swift */,
				5FE200B920DCB8DF002586CC /* UITableViewCellExtensions.swift */,
			);
			path = Extensions;
			sourceTree = "<group>";
		};
		5F6C483620D9EA9D009BEF8C /* SourceList */ = {
			isa = PBXGroup;
			children = (
				5F6C483720D9EAB7009BEF8C /* SourceListVC.swift */,
			);
			path = SourceList;
			sourceTree = "<group>";
		};
		5F6C483920D9EFA5009BEF8C /* BookmarkList */ = {
			isa = PBXGroup;
			children = (
				5F6C483A20D9EFC9009BEF8C /* BookmarkListVC.swift */,
			);
			path = BookmarkList;
			sourceTree = "<group>";
		};
		5F70F94C20D9C792000E9C8D /* Navigation */ = {
			isa = PBXGroup;
			children = (
				5F70F94D20D9C85C000E9C8D /* AppTabBarController.swift */,
			);
			path = Navigation;
			sourceTree = "<group>";
		};
		5F7F56F820D0BA34005F86A5 = {
			isa = PBXGroup;
			children = (
				5F7F570320D0BA34005F86A5 /* CleanNews */,
				5F7F570220D0BA34005F86A5 /* Products */,
				008B55CE44A253DDA6DA36F5 /* Pods */,
				365DBBAF3A8A8328B744E44E /* Frameworks */,
			);
			sourceTree = "<group>";
		};
		5F7F570220D0BA34005F86A5 /* Products */ = {
			isa = PBXGroup;
			children = (
				5F7F570120D0BA34005F86A5 /* CleanNews.app */,
			);
			name = Products;
			sourceTree = "<group>";
		};
		5F7F570320D0BA34005F86A5 /* CleanNews */ = {
			isa = PBXGroup;
			children = (
				5F70F94C20D9C792000E9C8D /* Navigation */,
				5F7F571620D0BB47005F86A5 /* Models */,
				5F7F571B20D0BE03005F86A5 /* Workers */,
				5F41E56D20D20B1500AB1B75 /* Scenes */,
				5F473AAB20D55BE80013D6AF /* Views */,
				5F6C483320D9E8F1009BEF8C /* Extensions */,
				5F7F570420D0BA34005F86A5 /* AppDelegate.swift */,
				5F7F570B20D0BA35005F86A5 /* Assets.xcassets */,
				5F7F570D20D0BA35005F86A5 /* LaunchScreen.storyboard */,
				5F7F571020D0BA35005F86A5 /* Info.plist */,
			);
			path = CleanNews;
			sourceTree = "<group>";
		};
		5F7F571620D0BB47005F86A5 /* Models */ = {
			isa = PBXGroup;
			children = (
				5F7F571720D0BB56005F86A5 /* Article.swift */,
				5F7F571920D0BBA4005F86A5 /* Source.swift */,
			);
			path = Models;
			sourceTree = "<group>";
		};
		5F7F571B20D0BE03005F86A5 /* Workers */ = {
			isa = PBXGroup;
			children = (
				5F7F571D20D0BEB0005F86A5 /* Network */,
				5F7F571C20D0BEA7005F86A5 /* Local */,
			);
			path = Workers;
			sourceTree = "<group>";
		};
		5F7F571C20D0BEA7005F86A5 /* Local */ = {
			isa = PBXGroup;
			children = (
			);
			path = Local;
			sourceTree = "<group>";
		};
		5F7F571D20D0BEB0005F86A5 /* Network */ = {
			isa = PBXGroup;
			children = (
				5F7F571E20D0BEC9005F86A5 /* API */,
				5F41E56A20D1D79300AB1B75 /* Mappers */,
				5F7F572320D0BF71005F86A5 /* ArticleNetwork.swift */,
			);
			path = Network;
			sourceTree = "<group>";
		};
		5F7F571E20D0BEC9005F86A5 /* API */ = {
			isa = PBXGroup;
			children = (
				5F7F571F20D0BEDF005F86A5 /* API.swift */,
				5F7F572120D0BEFA005F86A5 /* ArticleAPI.swift */,
			);
			path = API;
			sourceTree = "<group>";
		};
		5F843C4620D485A900813BAE /* SearchList */ = {
			isa = PBXGroup;
			children = (
				5F70F94A20D9C023000E9C8D /* SearchListVC.swift */,
			);
			path = SearchList;
			sourceTree = "<group>";
		};
		5F978DC620D6CC4D006976D4 /* List */ = {
			isa = PBXGroup;
			children = (
				5F978DC720D6CC86006976D4 /* ArticleCell.swift */,
			);
			path = List;
			sourceTree = "<group>";
		};
/* End PBXGroup section */

/* Begin PBXNativeTarget section */
		5F7F570020D0BA34005F86A5 /* CleanNews */ = {
			isa = PBXNativeTarget;
			buildConfigurationList = 5F7F571320D0BA35005F86A5 /* Build configuration list for PBXNativeTarget "CleanNews" */;
			buildPhases = (
				8DB772932754ED0C7A32743E /* [CP] Check Pods Manifest.lock */,
				5F7F56FD20D0BA34005F86A5 /* Sources */,
				5F7F56FE20D0BA34005F86A5 /* Frameworks */,
				5F7F56FF20D0BA34005F86A5 /* Resources */,
				D97DB01B93AF554841A9047D /* [CP] Embed Pods Frameworks */,
			);
			buildRules = (
			);
			dependencies = (
			);
			name = CleanNews;
			productName = CleanNews;
			productReference = 5F7F570120D0BA34005F86A5 /* CleanNews.app */;
			productType = "com.apple.product-type.application";
		};
/* End PBXNativeTarget section */

/* Begin PBXProject section */
		5F7F56F920D0BA34005F86A5 /* Project object */ = {
			isa = PBXProject;
			attributes = {
				LastSwiftUpdateCheck = 0940;
				LastUpgradeCheck = 0940;
				ORGANIZATIONNAME = "Ulices Meléndez Acosta";
				TargetAttributes = {
					5F7F570020D0BA34005F86A5 = {
						CreatedOnToolsVersion = 9.4;
					};
				};
			};
			buildConfigurationList = 5F7F56FC20D0BA34005F86A5 /* Build configuration list for PBXProject "CleanNews" */;
			compatibilityVersion = "Xcode 9.3";
			developmentRegion = en;
			hasScannedForEncodings = 0;
			knownRegions = (
				en,
				Base,
			);
			mainGroup = 5F7F56F820D0BA34005F86A5;
			productRefGroup = 5F7F570220D0BA34005F86A5 /* Products */;
			projectDirPath = "";
			projectRoot = "";
			targets = (
				5F7F570020D0BA34005F86A5 /* CleanNews */,
			);
		};
/* End PBXProject section */

/* Begin PBXResourcesBuildPhase section */
		5F7F56FF20D0BA34005F86A5 /* Resources */ = {
			isa = PBXResourcesBuildPhase;
			buildActionMask = 2147483647;
			files = (
				5F7F570F20D0BA35005F86A5 /* LaunchScreen.storyboard in Resources */,
				5F7F570C20D0BA35005F86A5 /* Assets.xcassets in Resources */,
				5F473AAE20D55C550013D6AF /* Loading.json in Resources */,
			);
			runOnlyForDeploymentPostprocessing = 0;
		};
/* End PBXResourcesBuildPhase section */

/* Begin PBXShellScriptBuildPhase section */
		8DB772932754ED0C7A32743E /* [CP] Check Pods Manifest.lock */ = {
			isa = PBXShellScriptBuildPhase;
			buildActionMask = 2147483647;
			files = (
			);
			inputPaths = (
				"${PODS_PODFILE_DIR_PATH}/Podfile.lock",
				"${PODS_ROOT}/Manifest.lock",
			);
			name = "[CP] Check Pods Manifest.lock";
			outputPaths = (
				"$(DERIVED_FILE_DIR)/Pods-CleanNews-checkManifestLockResult.txt",
			);
			runOnlyForDeploymentPostprocessing = 0;
			shellPath = /bin/sh;
			shellScript = "diff \"${PODS_PODFILE_DIR_PATH}/Podfile.lock\" \"${PODS_ROOT}/Manifest.lock\" > /dev/null\nif [ $? != 0 ] ; then\n    # print error to STDERR\n    echo \"error: The sandbox is not in sync with the Podfile.lock. Run 'pod install' or update your CocoaPods installation.\" >&2\n    exit 1\nfi\n# This output is used by Xcode 'outputs' to avoid re-running this script phase.\necho \"SUCCESS\" > \"${SCRIPT_OUTPUT_FILE_0}\"\n";
			showEnvVarsInLog = 0;
		};
		D97DB01B93AF554841A9047D /* [CP] Embed Pods Frameworks */ = {
			isa = PBXShellScriptBuildPhase;
			buildActionMask = 2147483647;
			files = (
			);
			inputPaths = (
				"${SRCROOT}/Pods/Target Support Files/Pods-CleanNews/Pods-CleanNews-frameworks.sh",
				"${BUILT_PRODUCTS_DIR}/Alamofire/Alamofire.framework",
				"${BUILT_PRODUCTS_DIR}/FontAwesome.swift/FontAwesome_swift.framework",
				"${BUILT_PRODUCTS_DIR}/Moya/Moya.framework",
				"${BUILT_PRODUCTS_DIR}/Result/Result.framework",
				"${BUILT_PRODUCTS_DIR}/SDWebImage/SDWebImage.framework",
				"${BUILT_PRODUCTS_DIR}/SwiftyJSON/SwiftyJSON.framework",
				"${BUILT_PRODUCTS_DIR}/lottie-ios/Lottie.framework",
			);
			name = "[CP] Embed Pods Frameworks";
			outputPaths = (
				"${TARGET_BUILD_DIR}/${FRAMEWORKS_FOLDER_PATH}/Alamofire.framework",
				"${TARGET_BUILD_DIR}/${FRAMEWORKS_FOLDER_PATH}/FontAwesome_swift.framework",
				"${TARGET_BUILD_DIR}/${FRAMEWORKS_FOLDER_PATH}/Moya.framework",
				"${TARGET_BUILD_DIR}/${FRAMEWORKS_FOLDER_PATH}/Result.framework",
				"${TARGET_BUILD_DIR}/${FRAMEWORKS_FOLDER_PATH}/SDWebImage.framework",
				"${TARGET_BUILD_DIR}/${FRAMEWORKS_FOLDER_PATH}/SwiftyJSON.framework",
				"${TARGET_BUILD_DIR}/${FRAMEWORKS_FOLDER_PATH}/Lottie.framework",
			);
			runOnlyForDeploymentPostprocessing = 0;
			shellPath = /bin/sh;
			shellScript = "\"${SRCROOT}/Pods/Target Support Files/Pods-CleanNews/Pods-CleanNews-frameworks.sh\"\n";
			showEnvVarsInLog = 0;
		};
/* End PBXShellScriptBuildPhase section */

/* Begin PBXSourcesBuildPhase section */
		5F7F56FD20D0BA34005F86A5 /* Sources */ = {
			isa = PBXSourcesBuildPhase;
			buildActionMask = 2147483647;
			files = (
				5F7F572420D0BF71005F86A5 /* ArticleNetwork.swift in Sources */,
				5F70F94B20D9C023000E9C8D /* SearchListVC.swift in Sources */,
				5F41E57020D20BD300AB1B75 /* HeadlineListInteractor.swift in Sources */,
				5F6C483820D9EAB7009BEF8C /* SourceListVC.swift in Sources */,
				5F7F571A20D0BBA4005F86A5 /* Source.swift in Sources */,
				5F3D576220D597F3003AC6E4 /* LoadingView.swift in Sources */,
				5F6C483B20D9EFC9009BEF8C /* BookmarkListVC.swift in Sources */,
				5F7F570720D0BA34005F86A5 /* HeadlineListVC.swift in Sources */,
				5F7F570520D0BA34005F86A5 /* AppDelegate.swift in Sources */,
				5F7F571820D0BB56005F86A5 /* Article.swift in Sources */,
				5F41E57220D2137400AB1B75 /* HeadlineListPresenter.swift in Sources */,
				5F6C483520D9E978009BEF8C /* UIColorExtensions.swift in Sources */,
				5F0D9E7B20DC68AC003ED6ED /* UITableViewExtensions.swift in Sources */,
				5F70F94E20D9C85C000E9C8D /* AppTabBarController.swift in Sources */,
				5F978DC820D6CC86006976D4 /* ArticleCell.swift in Sources */,
				5F7F572020D0BEDF005F86A5 /* API.swift in Sources */,
				5F7F572220D0BEFA005F86A5 /* ArticleAPI.swift in Sources */,
				5F0D9E7D20DC72B0003ED6ED /* ReusableViewExtensions.swift in Sources */,
				5F41E56C20D1D7CC00AB1B75 /* ArticleMapper.swift in Sources */,
				5FE200BA20DCB8DF002586CC /* UITableViewCellExtensions.swift in Sources */,
			);
			runOnlyForDeploymentPostprocessing = 0;
		};
/* End PBXSourcesBuildPhase section */

/* Begin PBXVariantGroup section */
		5F7F570D20D0BA35005F86A5 /* LaunchScreen.storyboard */ = {
			isa = PBXVariantGroup;
			children = (
				5F7F570E20D0BA35005F86A5 /* Base */,
			);
			name = LaunchScreen.storyboard;
			sourceTree = "<group>";
		};
/* End PBXVariantGroup section */

/* Begin XCBuildConfiguration section */
		5F7F571120D0BA35005F86A5 /* Debug */ = {
			isa = XCBuildConfiguration;
			buildSettings = {
				ALWAYS_SEARCH_USER_PATHS = NO;
				CLANG_ANALYZER_NONNULL = YES;
				CLANG_ANALYZER_NUMBER_OBJECT_CONVERSION = YES_AGGRESSIVE;
				CLANG_CXX_LANGUAGE_STANDARD = "gnu++14";
				CLANG_CXX_LIBRARY = "libc++";
				CLANG_ENABLE_MODULES = YES;
				CLANG_ENABLE_OBJC_ARC = YES;
				CLANG_ENABLE_OBJC_WEAK = YES;
				CLANG_WARN_BLOCK_CAPTURE_AUTORELEASING = YES;
				CLANG_WARN_BOOL_CONVERSION = YES;
				CLANG_WARN_COMMA = YES;
				CLANG_WARN_CONSTANT_CONVERSION = YES;
				CLANG_WARN_DEPRECATED_OBJC_IMPLEMENTATIONS = YES;
				CLANG_WARN_DIRECT_OBJC_ISA_USAGE = YES_ERROR;
				CLANG_WARN_DOCUMENTATION_COMMENTS = YES;
				CLANG_WARN_EMPTY_BODY = YES;
				CLANG_WARN_ENUM_CONVERSION = YES;
				CLANG_WARN_INFINITE_RECURSION = YES;
				CLANG_WARN_INT_CONVERSION = YES;
				CLANG_WARN_NON_LITERAL_NULL_CONVERSION = YES;
				CLANG_WARN_OBJC_IMPLICIT_RETAIN_SELF = YES;
				CLANG_WARN_OBJC_LITERAL_CONVERSION = YES;
				CLANG_WARN_OBJC_ROOT_CLASS = YES_ERROR;
				CLANG_WARN_RANGE_LOOP_ANALYSIS = YES;
				CLANG_WARN_STRICT_PROTOTYPES = YES;
				CLANG_WARN_SUSPICIOUS_MOVE = YES;
				CLANG_WARN_UNGUARDED_AVAILABILITY = YES_AGGRESSIVE;
				CLANG_WARN_UNREACHABLE_CODE = YES;
				CLANG_WARN__DUPLICATE_METHOD_MATCH = YES;
				CODE_SIGN_IDENTITY = "iPhone Developer";
				COPY_PHASE_STRIP = NO;
				DEBUG_INFORMATION_FORMAT = dwarf;
				ENABLE_STRICT_OBJC_MSGSEND = YES;
				ENABLE_TESTABILITY = YES;
				GCC_C_LANGUAGE_STANDARD = gnu11;
				GCC_DYNAMIC_NO_PIC = NO;
				GCC_NO_COMMON_BLOCKS = YES;
				GCC_OPTIMIZATION_LEVEL = 0;
				GCC_PREPROCESSOR_DEFINITIONS = (
					"DEBUG=1",
					"$(inherited)",
				);
				GCC_WARN_64_TO_32_BIT_CONVERSION = YES;
				GCC_WARN_ABOUT_RETURN_TYPE = YES_ERROR;
				GCC_WARN_UNDECLARED_SELECTOR = YES;
				GCC_WARN_UNINITIALIZED_AUTOS = YES_AGGRESSIVE;
				GCC_WARN_UNUSED_FUNCTION = YES;
				GCC_WARN_UNUSED_VARIABLE = YES;
				IPHONEOS_DEPLOYMENT_TARGET = 11.4;
				MTL_ENABLE_DEBUG_INFO = YES;
				ONLY_ACTIVE_ARCH = YES;
				SDKROOT = iphoneos;
				SWIFT_ACTIVE_COMPILATION_CONDITIONS = DEBUG;
				SWIFT_OPTIMIZATION_LEVEL = "-Onone";
			};
			name = Debug;
		};
		5F7F571220D0BA35005F86A5 /* Release */ = {
			isa = XCBuildConfiguration;
			buildSettings = {
				ALWAYS_SEARCH_USER_PATHS = NO;
				CLANG_ANALYZER_NONNULL = YES;
				CLANG_ANALYZER_NUMBER_OBJECT_CONVERSION = YES_AGGRESSIVE;
				CLANG_CXX_LANGUAGE_STANDARD = "gnu++14";
				CLANG_CXX_LIBRARY = "libc++";
				CLANG_ENABLE_MODULES = YES;
				CLANG_ENABLE_OBJC_ARC = YES;
				CLANG_ENABLE_OBJC_WEAK = YES;
				CLANG_WARN_BLOCK_CAPTURE_AUTORELEASING = YES;
				CLANG_WARN_BOOL_CONVERSION = YES;
				CLANG_WARN_COMMA = YES;
				CLANG_WARN_CONSTANT_CONVERSION = YES;
				CLANG_WARN_DEPRECATED_OBJC_IMPLEMENTATIONS = YES;
				CLANG_WARN_DIRECT_OBJC_ISA_USAGE = YES_ERROR;
				CLANG_WARN_DOCUMENTATION_COMMENTS = YES;
				CLANG_WARN_EMPTY_BODY = YES;
				CLANG_WARN_ENUM_CONVERSION = YES;
				CLANG_WARN_INFINITE_RECURSION = YES;
				CLANG_WARN_INT_CONVERSION = YES;
				CLANG_WARN_NON_LITERAL_NULL_CONVERSION = YES;
				CLANG_WARN_OBJC_IMPLICIT_RETAIN_SELF = YES;
				CLANG_WARN_OBJC_LITERAL_CONVERSION = YES;
				CLANG_WARN_OBJC_ROOT_CLASS = YES_ERROR;
				CLANG_WARN_RANGE_LOOP_ANALYSIS = YES;
				CLANG_WARN_STRICT_PROTOTYPES = YES;
				CLANG_WARN_SUSPICIOUS_MOVE = YES;
				CLANG_WARN_UNGUARDED_AVAILABILITY = YES_AGGRESSIVE;
				CLANG_WARN_UNREACHABLE_CODE = YES;
				CLANG_WARN__DUPLICATE_METHOD_MATCH = YES;
				CODE_SIGN_IDENTITY = "iPhone Developer";
				COPY_PHASE_STRIP = NO;
				DEBUG_INFORMATION_FORMAT = "dwarf-with-dsym";
				ENABLE_NS_ASSERTIONS = NO;
				ENABLE_STRICT_OBJC_MSGSEND = YES;
				GCC_C_LANGUAGE_STANDARD = gnu11;
				GCC_NO_COMMON_BLOCKS = YES;
				GCC_WARN_64_TO_32_BIT_CONVERSION = YES;
				GCC_WARN_ABOUT_RETURN_TYPE = YES_ERROR;
				GCC_WARN_UNDECLARED_SELECTOR = YES;
				GCC_WARN_UNINITIALIZED_AUTOS = YES_AGGRESSIVE;
				GCC_WARN_UNUSED_FUNCTION = YES;
				GCC_WARN_UNUSED_VARIABLE = YES;
				IPHONEOS_DEPLOYMENT_TARGET = 11.4;
				MTL_ENABLE_DEBUG_INFO = NO;
				SDKROOT = iphoneos;
				SWIFT_COMPILATION_MODE = wholemodule;
				SWIFT_OPTIMIZATION_LEVEL = "-O";
				VALIDATE_PRODUCT = YES;
			};
			name = Release;
		};
		5F7F571420D0BA35005F86A5 /* Debug */ = {
			isa = XCBuildConfiguration;
			baseConfigurationReference = 0BB804F1853E37648C4CDA67 /* Pods-CleanNews.debug.xcconfig */;
			buildSettings = {
				ASSETCATALOG_COMPILER_APPICON_NAME = AppIcon;
				CODE_SIGN_STYLE = Automatic;
				DEVELOPMENT_TEAM = HLL9B4R9ZN;
				INFOPLIST_FILE = CleanNews/Info.plist;
				IPHONEOS_DEPLOYMENT_TARGET = 11.0;
				LD_RUNPATH_SEARCH_PATHS = (
					"$(inherited)",
					"@executable_path/Frameworks",
				);
				PRODUCT_BUNDLE_IDENTIFIER = com.uma.CleanNews;
				PRODUCT_NAME = "$(TARGET_NAME)";
				SWIFT_VERSION = 4.0;
				TARGETED_DEVICE_FAMILY = "1,2";
			};
			name = Debug;
		};
		5F7F571520D0BA35005F86A5 /* Release */ = {
			isa = XCBuildConfiguration;
			baseConfigurationReference = 13E3ABBB5A1DD39A087E3EDE /* Pods-CleanNews.release.xcconfig */;
			buildSettings = {
				ASSETCATALOG_COMPILER_APPICON_NAME = AppIcon;
				CODE_SIGN_STYLE = Automatic;
				DEVELOPMENT_TEAM = HLL9B4R9ZN;
				INFOPLIST_FILE = CleanNews/Info.plist;
				IPHONEOS_DEPLOYMENT_TARGET = 11.0;
				LD_RUNPATH_SEARCH_PATHS = (
					"$(inherited)",
					"@executable_path/Frameworks",
				);
				PRODUCT_BUNDLE_IDENTIFIER = com.uma.CleanNews;
				PRODUCT_NAME = "$(TARGET_NAME)";
				SWIFT_VERSION = 4.0;
				TARGETED_DEVICE_FAMILY = "1,2";
			};
			name = Release;
		};
/* End XCBuildConfiguration section */

/* Begin XCConfigurationList section */
		5F7F56FC20D0BA34005F86A5 /* Build configuration list for PBXProject "CleanNews" */ = {
			isa = XCConfigurationList;
			buildConfigurations = (
				5F7F571120D0BA35005F86A5 /* Debug */,
				5F7F571220D0BA35005F86A5 /* Release */,
			);
			defaultConfigurationIsVisible = 0;
			defaultConfigurationName = Release;
		};
		5F7F571320D0BA35005F86A5 /* Build configuration list for PBXNativeTarget "CleanNews" */ = {
			isa = XCConfigurationList;
			buildConfigurations = (
				5F7F571420D0BA35005F86A5 /* Debug */,
				5F7F571520D0BA35005F86A5 /* Release */,
			);
			defaultConfigurationIsVisible = 0;
			defaultConfigurationName = Release;
		};
/* End XCConfigurationList section */
	};
	rootObject = 5F7F56F920D0BA34005F86A5 /* Project object */;
}
